
Microsoft Visual Studio Solution File, Format Version 12.00
# Visual Studio Version 17
VisualStudioVersion = 17.0.32014.148
MinimumVisualStudioVersion = 10.0.40219.1
Project("{2150E333-8FDC-42A3-9474-1A3956D46DE8}") = "0. Solution Items", "0. Solution Items", "{055D132E-A84F-4962-B1B1-C83A80373D46}"
	ProjectSection(SolutionItems) = preProject
		ReadMe.txt = ReadMe.txt
	EndProjectSection
EndProject
Project("{9A19103F-16F7-4668-BE54-9A1E7A4F7556}") = "StoreSolution.WebApp", "StoreSolution.WebApp\StoreSolution.WebApp.csproj", "{FF2EBA29-B892-4740-9318-FAB195A28198}"
EndProject
Project("{9A19103F-16F7-4668-BE54-9A1E7A4F7556}") = "StoreSolution.Data", "StoreSolution.Data\StoreSolution.Data.csproj", "{3445CD46-870E-4641-A4F9-D048019DC023}"
EndProject
Global
	GlobalSection(SolutionConfigurationPlatforms) = preSolution
		Debug|Any CPU = Debug|Any CPU
		Release|Any CPU = Release|Any CPU
	EndGlobalSection
	GlobalSection(ProjectConfigurationPlatforms) = postSolution
		{FF2EBA29-B892-4740-9318-FAB195A28198}.Debug|Any CPU.ActiveCfg = Debug|Any CPU
		{FF2EBA29-B892-4740-9318-FAB195A28198}.Debug|Any CPU.Build.0 = Debug|Any CPU
		{FF2EBA29-B892-4740-9318-FAB195A28198}.Release|Any CPU.ActiveCfg = Release|Any CPU
		{FF2EBA29-B892-4740-9318-FAB195A28198}.Release|Any CPU.Build.0 = Release|Any CPU
		{3445CD46-870E-4641-A4F9-D048019DC023}.Debug|Any CPU.ActiveCfg = Debug|Any CPU
		{3445CD46-870E-4641-A4F9-D048019DC023}.Debug|Any CPU.Build.0 = Debug|Any CPU
		{3445CD46-870E-4641-A4F9-D048019DC023}.Release|Any CPU.ActiveCfg = Release|Any CPU
		{3445CD46-870E-4641-A4F9-D048019DC023}.Release|Any CPU.Build.0 = Release|Any CPU
	EndGlobalSection
	GlobalSection(SolutionProperties) = preSolution
		HideSolutionNode = FALSE
	EndGlobalSection
	GlobalSection(ExtensibilityGlobals) = postSolution
		SolutionGuid = {F8360146-3DE7-43A7-B2C9-A314D048219D}
	EndGlobalSection
EndGlobal
